
Microsoft Visual Studio Solution File, Format Version 12.00
# Visual Studio Version 16
VisualStudioVersion = 16.0.29728.190
MinimumVisualStudioVersion = 10.0.40219.1
Project("{FAE04EC0-301F-11D3-BF4B-00C04F79EFBC}") = "BilgiYarismasi", "BilgiYarismasi\BilgiYarismasi.csproj", "{B75E339E-C45A-4DFE-87FF-4A494FEA65DB}"
EndProject
Global
	GlobalSection(SolutionConfigurationPlatforms) = preSolution
		Debug|Any CPU = Debug|Any CPU
		Release|Any CPU = Release|Any CPU
	EndGlobalSection
	GlobalSection(ProjectConfigurationPlatforms) = postSolution
		{B75E339E-C45A-4DFE-87FF-4A494FEA65DB}.Debug|Any CPU.ActiveCfg = Debug|Any CPU
		{B75E339E-C45A-4DFE-87FF-4A494FEA65DB}.Debug|Any CPU.Build.0 = Debug|Any CPU
		{B75E339E-C45A-4DFE-87FF-4A494FEA65DB}.Release|Any CPU.ActiveCfg = Release|Any CPU
		{B75E339E-C45A-4DFE-87FF-4A494FEA65DB}.Release|Any CPU.Build.0 = Release|Any CPU
	EndGlobalSection
	GlobalSection(SolutionProperties) = preSolution
		HideSolutionNode = FALSE
	EndGlobalSection
	GlobalSection(ExtensibilityGlobals) = postSolution
		SolutionGuid = {2D977955-C6AB-4E6E-9819-D0718603EEA3}
	EndGlobalSection
EndGlobal
